// !$*UTF8*$!
{
	archiveVersion = 1;
	classes = {
	};
	objectVersion = 48;
	objects = {

/* Begin PBXBuildFile section */
		4CCE70A61FDE652400BDF00D /* AppDelegate.swift in Sources */ = {isa = PBXBuildFile; fileRef = 4CCE70A51FDE652400BDF00D /* AppDelegate.swift */; };
		4CCE70A81FDE652400BDF00D /* ViewController.swift in Sources */ = {isa = PBXBuildFile; fileRef = 4CCE70A71FDE652400BDF00D /* ViewController.swift */; };
		4CCE70AB1FDE652400BDF00D /* Main.storyboard in Resources */ = {isa = PBXBuildFile; fileRef = 4CCE70A91FDE652400BDF00D /* Main.storyboard */; };
		4CCE70AE1FDE652500BDF00D /* ReorderingCollectionVIew.xcdatamodeld in Sources */ = {isa = PBXBuildFile; fileRef = 4CCE70AC1FDE652500BDF00D /* ReorderingCollectionVIew.xcdatamodeld */; };
		4CCE70B01FDE652500BDF00D /* Assets.xcassets in Resources */ = {isa = PBXBuildFile; fileRef = 4CCE70AF1FDE652500BDF00D /* Assets.xcassets */; };
		4CCE70B31FDE652500BDF00D /* LaunchScreen.storyboard in Resources */ = {isa = PBXBuildFile; fileRef = 4CCE70B11FDE652500BDF00D /* LaunchScreen.storyboard */; };
		4CCE70BE1FDE652500BDF00D /* ReorderingCollectionVIewTests.swift in Sources */ = {isa = PBXBuildFile; fileRef = 4CCE70BD1FDE652500BDF00D /* ReorderingCollectionVIewTests.swift */; };
		4CCE70C91FDE652500BDF00D /* ReorderingCollectionVIewUITests.swift in Sources */ = {isa = PBXBuildFile; fileRef = 4CCE70C81FDE652500BDF00D /* ReorderingCollectionVIewUITests.swift */; };
		4CCE70D71FDE676A00BDF00D /* ReorderingCollectionViewCell.swift in Sources */ = {isa = PBXBuildFile; fileRef = 4CCE70D61FDE676A00BDF00D /* ReorderingCollectionViewCell.swift */; };
/* End PBXBuildFile section */

/* Begin PBXContainerItemProxy section */
		4CCE70BA1FDE652500BDF00D /* PBXContainerItemProxy */ = {
			isa = PBXContainerItemProxy;
			containerPortal = 4CCE709A1FDE652400BDF00D /* Project object */;
			proxyType = 1;
			remoteGlobalIDString = 4CCE70A11FDE652400BDF00D;
			remoteInfo = ReorderingCollectionVIew;
		};
		4CCE70C51FDE652500BDF00D /* PBXContainerItemProxy */ = {
			isa = PBXContainerItemProxy;
			containerPortal = 4CCE709A1FDE652400BDF00D /* Project object */;
			proxyType = 1;
			remoteGlobalIDString = 4CCE70A11FDE652400BDF00D;
			remoteInfo = ReorderingCollectionVIew;
		};
/* End PBXContainerItemProxy section */

/* Begin PBXFileReference section */
		4CCE70A21FDE652400BDF00D /* ReorderingCollectionVIew.app */ = {isa = PBXFileReference; explicitFileType = wrapper.application; includeInIndex = 0; path = ReorderingCollectionVIew.app; sourceTree = BUILT_PRODUCTS_DIR; };
		4CCE70A51FDE652400BDF00D /* AppDelegate.swift */ = {isa = PBXFileReference; lastKnownFileType = sourcecode.swift; path = AppDelegate.swift; sourceTree = "<group>"; };
		4CCE70A71FDE652400BDF00D /* ViewController.swift */ = {isa = PBXFileReference; lastKnownFileType = sourcecode.swift; path = ViewController.swift; sourceTree = "<group>"; };
		4CCE70AA1FDE652400BDF00D /* Base */ = {isa = PBXFileReference; lastKnownFileType = file.storyboard; name = Base; path = Base.lproj/Main.storyboard; sourceTree = "<group>"; };
		4CCE70AD1FDE652500BDF00D /* ReorderingCollectionVIew.xcdatamodel */ = {isa = PBXFileReference; lastKnownFileType = wrapper.xcdatamodel; path = ReorderingCollectionVIew.xcdatamodel; sourceTree = "<group>"; };
		4CCE70AF1FDE652500BDF00D /* Assets.xcassets */ = {isa = PBXFileReference; lastKnownFileType = folder.assetcatalog; path = Assets.xcassets; sourceTree = "<group>"; };
		4CCE70B21FDE652500BDF00D /* Base */ = {isa = PBXFileReference; lastKnownFileType = file.storyboard; name = Base; path = Base.lproj/LaunchScreen.storyboard; sourceTree = "<group>"; };
		4CCE70B41FDE652500BDF00D /* Info.plist */ = {isa = PBXFileReference; lastKnownFileType = text.plist.xml; path = Info.plist; sourceTree = "<group>"; };
		4CCE70B91FDE652500BDF00D /* ReorderingCollectionVIewTests.xctest */ = {isa = PBXFileReference; explicitFileType = wrapper.cfbundle; includeInIndex = 0; path = ReorderingCollectionVIewTests.xctest; sourceTree = BUILT_PRODUCTS_DIR; };
		4CCE70BD1FDE652500BDF00D /* ReorderingCollectionVIewTests.swift */ = {isa = PBXFileReference; lastKnownFileType = sourcecode.swift; path = ReorderingCollectionVIewTests.swift; sourceTree = "<group>"; };
		4CCE70BF1FDE652500BDF00D /* Info.plist */ = {isa = PBXFileReference; lastKnownFileType = text.plist.xml; path = Info.plist; sourceTree = "<group>"; };
		4CCE70C41FDE652500BDF00D /* ReorderingCollectionVIewUITests.xctest */ = {isa = PBXFileReference; explicitFileType = wrapper.cfbundle; includeInIndex = 0; path = ReorderingCollectionVIewUITests.xctest; sourceTree = BUILT_PRODUCTS_DIR; };
		4CCE70C81FDE652500BDF00D /* ReorderingCollectionVIewUITests.swift */ = {isa = PBXFileReference; lastKnownFileType = sourcecode.swift; path = ReorderingCollectionVIewUITests.swift; sourceTree = "<group>"; };
		4CCE70CA1FDE652500BDF00D /* Info.plist */ = {isa = PBXFileReference; lastKnownFileType = text.plist.xml; path = Info.plist; sourceTree = "<group>"; };
		4CCE70D61FDE676A00BDF00D /* ReorderingCollectionViewCell.swift */ = {isa = PBXFileReference; lastKnownFileType = sourcecode.swift; path = ReorderingCollectionViewCell.swift; sourceTree = "<group>"; };
/* End PBXFileReference section */

/* Begin PBXFrameworksBuildPhase section */
		4CCE709F1FDE652400BDF00D /* Frameworks */ = {
			isa = PBXFrameworksBuildPhase;
			buildActionMask = 2147483647;
			files = (
			);
			runOnlyForDeploymentPostprocessing = 0;
		};
		4CCE70B61FDE652500BDF00D /* Frameworks */ = {
			isa = PBXFrameworksBuildPhase;
			buildActionMask = 2147483647;
			files = (
			);
			runOnlyForDeploymentPostprocessing = 0;
		};
		4CCE70C11FDE652500BDF00D /* Frameworks */ = {
			isa = PBXFrameworksBuildPhase;
			buildActionMask = 2147483647;
			files = (
			);
			runOnlyForDeploymentPostprocessing = 0;
		};
/* End PBXFrameworksBuildPhase section */

/* Begin PBXGroup section */
		4CCE70991FDE652400BDF00D = {
			isa = PBXGroup;
			children = (
				4CCE70A41FDE652400BDF00D /* ReorderingCollectionVIew */,
				4CCE70BC1FDE652500BDF00D /* ReorderingCollectionVIewTests */,
				4CCE70C71FDE652500BDF00D /* ReorderingCollectionVIewUITests */,
				4CCE70A31FDE652400BDF00D /* Products */,
			);
			sourceTree = "<group>";
		};
		4CCE70A31FDE652400BDF00D /* Products */ = {
			isa = PBXGroup;
			children = (
				4CCE70A21FDE652400BDF00D /* ReorderingCollectionVIew.app */,
				4CCE70B91FDE652500BDF00D /* ReorderingCollectionVIewTests.xctest */,
				4CCE70C41FDE652500BDF00D /* ReorderingCollectionVIewUITests.xctest */,
			);
			name = Products;
			sourceTree = "<group>";
		};
		4CCE70A41FDE652400BDF00D /* ReorderingCollectionVIew */ = {
			isa = PBXGroup;
			children = (
				4CCE70A51FDE652400BDF00D /* AppDelegate.swift */,
				4CCE70A71FDE652400BDF00D /* ViewController.swift */,
				4CCE70A91FDE652400BDF00D /* Main.storyboard */,
				4CCE70AF1FDE652500BDF00D /* Assets.xcassets */,
				4CCE70B11FDE652500BDF00D /* LaunchScreen.storyboard */,
				4CCE70B41FDE652500BDF00D /* Info.plist */,
				4CCE70AC1FDE652500BDF00D /* ReorderingCollectionVIew.xcdatamodeld */,
				4CCE70D61FDE676A00BDF00D /* ReorderingCollectionViewCell.swift */,
			);
			path = ReorderingCollectionVIew;
			sourceTree = "<group>";
		};
		4CCE70BC1FDE652500BDF00D /* ReorderingCollectionVIewTests */ = {
			isa = PBXGroup;
			children = (
				4CCE70BD1FDE652500BDF00D /* ReorderingCollectionVIewTests.swift */,
				4CCE70BF1FDE652500BDF00D /* Info.plist */,
			);
			path = ReorderingCollectionVIewTests;
			sourceTree = "<group>";
		};
		4CCE70C71FDE652500BDF00D /* ReorderingCollectionVIewUITests */ = {
			isa = PBXGroup;
			children = (
				4CCE70C81FDE652500BDF00D /* ReorderingCollectionVIewUITests.swift */,
				4CCE70CA1FDE652500BDF00D /* Info.plist */,
			);
			path = ReorderingCollectionVIewUITests;
			sourceTree = "<group>";
		};
/* End PBXGroup section */

/* Begin PBXNativeTarget section */
		4CCE70A11FDE652400BDF00D /* ReorderingCollectionVIew */ = {
			isa = PBXNativeTarget;
			buildConfigurationList = 4CCE70CD1FDE652500BDF00D /* Build configuration list for PBXNativeTarget "ReorderingCollectionVIew" */;
			buildPhases = (
				4CCE709E1FDE652400BDF00D /* Sources */,
				4CCE709F1FDE652400BDF00D /* Frameworks */,
				4CCE70A01FDE652400BDF00D /* Resources */,
			);
			buildRules = (
			);
			dependencies = (
			);
			name = ReorderingCollectionVIew;
			productName = ReorderingCollectionVIew;
			productReference = 4CCE70A21FDE652400BDF00D /* ReorderingCollectionVIew.app */;
			productType = "com.apple.product-type.application";
		};
		4CCE70B81FDE652500BDF00D /* ReorderingCollectionVIewTests */ = {
			isa = PBXNativeTarget;
			buildConfigurationList = 4CCE70D01FDE652500BDF00D /* Build configuration list for PBXNativeTarget "ReorderingCollectionVIewTests" */;
			buildPhases = (
				4CCE70B51FDE652500BDF00D /* Sources */,
				4CCE70B61FDE652500BDF00D /* Frameworks */,
				4CCE70B71FDE652500BDF00D /* Resources */,
			);
			buildRules = (
			);
			dependencies = (
				4CCE70BB1FDE652500BDF00D /* PBXTargetDependency */,
			);
			name = ReorderingCollectionVIewTests;
			productName = ReorderingCollectionVIewTests;
			productReference = 4CCE70B91FDE652500BDF00D /* ReorderingCollectionVIewTests.xctest */;
			productType = "com.apple.product-type.bundle.unit-test";
		};
		4CCE70C31FDE652500BDF00D /* ReorderingCollectionVIewUITests */ = {
			isa = PBXNativeTarget;
			buildConfigurationList = 4CCE70D31FDE652500BDF00D /* Build configuration list for PBXNativeTarget "ReorderingCollectionVIewUITests" */;
			buildPhases = (
				4CCE70C01FDE652500BDF00D /* Sources */,
				4CCE70C11FDE652500BDF00D /* Frameworks */,
				4CCE70C21FDE652500BDF00D /* Resources */,
			);
			buildRules = (
			);
			dependencies = (
				4CCE70C61FDE652500BDF00D /* PBXTargetDependency */,
			);
			name = ReorderingCollectionVIewUITests;
			productName = ReorderingCollectionVIewUITests;
			productReference = 4CCE70C41FDE652500BDF00D /* ReorderingCollectionVIewUITests.xctest */;
			productType = "com.apple.product-type.bundle.ui-testing";
		};
/* End PBXNativeTarget section */

/* Begin PBXProject section */
		4CCE709A1FDE652400BDF00D /* Project object */ = {
			isa = PBXProject;
			attributes = {
				LastSwiftUpdateCheck = 0910;
				LastUpgradeCheck = 0910;
				ORGANIZATIONNAME = "Debeloper Fly";
				TargetAttributes = {
					4CCE70A11FDE652400BDF00D = {
						CreatedOnToolsVersion = 9.1;
						ProvisioningStyle = Automatic;
					};
					4CCE70B81FDE652500BDF00D = {
						CreatedOnToolsVersion = 9.1;
						ProvisioningStyle = Automatic;
						TestTargetID = 4CCE70A11FDE652400BDF00D;
					};
					4CCE70C31FDE652500BDF00D = {
						CreatedOnToolsVersion = 9.1;
						ProvisioningStyle = Automatic;
						TestTargetID = 4CCE70A11FDE652400BDF00D;
					};
				};
			};
			buildConfigurationList = 4CCE709D1FDE652400BDF00D /* Build configuration list for PBXProject "ReorderingCollectionVIew" */;
			compatibilityVersion = "Xcode 8.0";
			developmentRegion = en;
			hasScannedForEncodings = 0;
			knownRegions = (
				en,
				Base,
			);
			mainGroup = 4CCE70991FDE652400BDF00D;
			productRefGroup = 4CCE70A31FDE652400BDF00D /* Products */;
			projectDirPath = "";
			projectRoot = "";
			targets = (
				4CCE70A11FDE652400BDF00D /* ReorderingCollectionVIew */,
				4CCE70B81FDE652500BDF00D /* ReorderingCollectionVIewTests */,
				4CCE70C31FDE652500BDF00D /* ReorderingCollectionVIewUITests */,
			);
		};
/* End PBXProject section */

/* Begin PBXResourcesBuildPhase section */
		4CCE70A01FDE652400BDF00D /* Resources */ = {
			isa = PBXResourcesBuildPhase;
			buildActionMask = 2147483647;
			files = (
				4CCE70B31FDE652500BDF00D /* LaunchScreen.storyboard in Resources */,
				4CCE70B01FDE652500BDF00D /* Assets.xcassets in Resources */,
				4CCE70AB1FDE652400BDF00D /* Main.storyboard in Resources */,
			);
			runOnlyForDeploymentPostprocessing = 0;
		};
		4CCE70B71FDE652500BDF00D /* Resources */ = {
			isa = PBXResourcesBuildPhase;
			buildActionMask = 2147483647;
			files = (
			);
			runOnlyForDeploymentPostprocessing = 0;
		};
		4CCE70C21FDE652500BDF00D /* Resources */ = {
			isa = PBXResourcesBuildPhase;
			buildActionMask = 2147483647;
			files = (
			);
			runOnlyForDeploymentPostprocessing = 0;
		};
/* End PBXResourcesBuildPhase section */

/* Begin PBXSourcesBuildPhase section */
		4CCE709E1FDE652400BDF00D /* Sources */ = {
			isa = PBXSourcesBuildPhase;
			buildActionMask = 2147483647;
			files = (
				4CCE70A81FDE652400BDF00D /* ViewController.swift in Sources */,
				4CCE70D71FDE676A00BDF00D /* ReorderingCollectionViewCell.swift in Sources */,
				4CCE70AE1FDE652500BDF00D /* ReorderingCollectionVIew.xcdatamodeld in Sources */,
				4CCE70A61FDE652400BDF00D /* AppDelegate.swift in Sources */,
			);
			runOnlyForDeploymentPostprocessing = 0;
		};
		4CCE70B51FDE652500BDF00D /* Sources */ = {
			isa = PBXSourcesBuildPhase;
			buildActionMask = 2147483647;
			files = (
				4CCE70BE1FDE652500BDF00D /* ReorderingCollectionVIewTests.swift in Sources */,
			);
			runOnlyForDeploymentPostprocessing = 0;
		};
		4CCE70C01FDE652500BDF00D /* Sources */ = {
			isa = PBXSourcesBuildPhase;
			buildActionMask = 2147483647;
			files = (
				4CCE70C91FDE652500BDF00D /* ReorderingCollectionVIewUITests.swift in Sources */,
			);
			runOnlyForDeploymentPostprocessing = 0;
		};
/* End PBXSourcesBuildPhase section */

/* Begin PBXTargetDependency section */
		4CCE70BB1FDE652500BDF00D /* PBXTargetDependency */ = {
			isa = PBXTargetDependency;
			target = 4CCE70A11FDE652400BDF00D /* ReorderingCollectionVIew */;
			targetProxy = 4CCE70BA1FDE652500BDF00D /* PBXContainerItemProxy */;
		};
		4CCE70C61FDE652500BDF00D /* PBXTargetDependency */ = {
			isa = PBXTargetDependency;
			target = 4CCE70A11FDE652400BDF00D /* ReorderingCollectionVIew */;
			targetProxy = 4CCE70C51FDE652500BDF00D /* PBXContainerItemProxy */;
		};
/* End PBXTargetDependency section */

/* Begin PBXVariantGroup section */
		4CCE70A91FDE652400BDF00D /* Main.storyboard */ = {
			isa = PBXVariantGroup;
			children = (
				4CCE70AA1FDE652400BDF00D /* Base */,
			);
			name = Main.storyboard;
			sourceTree = "<group>";
		};
		4CCE70B11FDE652500BDF00D /* LaunchScreen.storyboard */ = {
			isa = PBXVariantGroup;
			children = (
				4CCE70B21FDE652500BDF00D /* Base */,
			);
			name = LaunchScreen.storyboard;
			sourceTree = "<group>";
		};
/* End PBXVariantGroup section */

/* Begin XCBuildConfiguration section */
		4CCE70CB1FDE652500BDF00D /* Debug */ = {
			isa = XCBuildConfiguration;
			buildSettings = {
				ALWAYS_SEARCH_USER_PATHS = NO;
				CLANG_ANALYZER_NONNULL = YES;
				CLANG_ANALYZER_NUMBER_OBJECT_CONVERSION = YES_AGGRESSIVE;
				CLANG_CXX_LANGUAGE_STANDARD = "gnu++14";
				CLANG_CXX_LIBRARY = "libc++";
				CLANG_ENABLE_MODULES = YES;
				CLANG_ENABLE_OBJC_ARC = YES;
				CLANG_WARN_BLOCK_CAPTURE_AUTORELEASING = YES;
				CLANG_WARN_BOOL_CONVERSION = YES;
				CLANG_WARN_COMMA = YES;
				CLANG_WARN_CONSTANT_CONVERSION = YES;
				CLANG_WARN_DIRECT_OBJC_ISA_USAGE = YES_ERROR;
				CLANG_WARN_DOCUMENTATION_COMMENTS = YES;
				CLANG_WARN_EMPTY_BODY = YES;
				CLANG_WARN_ENUM_CONVERSION = YES;
				CLANG_WARN_INFINITE_RECURSION = YES;
				CLANG_WARN_INT_CONVERSION = YES;
				CLANG_WARN_NON_LITERAL_NULL_CONVERSION = YES;
				CLANG_WARN_OBJC_LITERAL_CONVERSION = YES;
				CLANG_WARN_OBJC_ROOT_CLASS = YES_ERROR;
				CLANG_WARN_RANGE_LOOP_ANALYSIS = YES;
				CLANG_WARN_STRICT_PROTOTYPES = YES;
				CLANG_WARN_SUSPICIOUS_MOVE = YES;
				CLANG_WARN_UNGUARDED_AVAILABILITY = YES_AGGRESSIVE;
				CLANG_WARN_UNREACHABLE_CODE = YES;
				CLANG_WARN__DUPLICATE_METHOD_MATCH = YES;
				CODE_SIGN_IDENTITY = "iPhone Developer";
				COPY_PHASE_STRIP = NO;
				DEBUG_INFORMATION_FORMAT = dwarf;
				ENABLE_STRICT_OBJC_MSGSEND = YES;
				ENABLE_TESTABILITY = YES;
				GCC_C_LANGUAGE_STANDARD = gnu11;
				GCC_DYNAMIC_NO_PIC = NO;
				GCC_NO_COMMON_BLOCKS = YES;
				GCC_OPTIMIZATION_LEVEL = 0;
				GCC_PREPROCESSOR_DEFINITIONS = (
					"DEBUG=1",
					"$(inherited)",
				);
				GCC_WARN_64_TO_32_BIT_CONVERSION = YES;
				GCC_WARN_ABOUT_RETURN_TYPE = YES_ERROR;
				GCC_WARN_UNDECLARED_SELECTOR = YES;
				GCC_WARN_UNINITIALIZED_AUTOS = YES_AGGRESSIVE;
				GCC_WARN_UNUSED_FUNCTION = YES;
				GCC_WARN_UNUSED_VARIABLE = YES;
				IPHONEOS_DEPLOYMENT_TARGET = 11.1;
				MTL_ENABLE_DEBUG_INFO = YES;
				ONLY_ACTIVE_ARCH = YES;
				SDKROOT = iphoneos;
				SWIFT_ACTIVE_COMPILATION_CONDITIONS = DEBUG;
				SWIFT_OPTIMIZATION_LEVEL = "-Onone";
			};
			name = Debug;
		};
		4CCE70CC1FDE652500BDF00D /* Release */ = {
			isa = XCBuildConfiguration;
			buildSettings = {
				ALWAYS_SEARCH_USER_PATHS = NO;
				CLANG_ANALYZER_NONNULL = YES;
				CLANG_ANALYZER_NUMBER_OBJECT_CONVERSION = YES_AGGRESSIVE;
				CLANG_CXX_LANGUAGE_STANDARD = "gnu++14";
				CLANG_CXX_LIBRARY = "libc++";
				CLANG_ENABLE_MODULES = YES;
				CLANG_ENABLE_OBJC_ARC = YES;
				CLANG_WARN_BLOCK_CAPTURE_AUTORELEASING = YES;
				CLANG_WARN_BOOL_CONVERSION = YES;
				CLANG_WARN_COMMA = YES;
				CLANG_WARN_CONSTANT_CONVERSION = YES;
				CLANG_WARN_DIRECT_OBJC_ISA_USAGE = YES_ERROR;
				CLANG_WARN_DOCUMENTATION_COMMENTS = YES;
				CLANG_WARN_EMPTY_BODY = YES;
				CLANG_WARN_ENUM_CONVERSION = YES;
				CLANG_WARN_INFINITE_RECURSION = YES;
				CLANG_WARN_INT_CONVERSION = YES;
				CLANG_WARN_NON_LITERAL_NULL_CONVERSION = YES;
				CLANG_WARN_OBJC_LITERAL_CONVERSION = YES;
				CLANG_WARN_OBJC_ROOT_CLASS = YES_ERROR;
				CLANG_WARN_RANGE_LOOP_ANALYSIS = YES;
				CLANG_WARN_STRICT_PROTOTYPES = YES;
				CLANG_WARN_SUSPICIOUS_MOVE = YES;
				CLANG_WARN_UNGUARDED_AVAILABILITY = YES_AGGRESSIVE;
				CLANG_WARN_UNREACHABLE_CODE = YES;
				CLANG_WARN__DUPLICATE_METHOD_MATCH = YES;
				CODE_SIGN_IDENTITY = "iPhone Developer";
				COPY_PHASE_STRIP = NO;
				DEBUG_INFORMATION_FORMAT = "dwarf-with-dsym";
				ENABLE_NS_ASSERTIONS = NO;
				ENABLE_STRICT_OBJC_MSGSEND = YES;
				GCC_C_LANGUAGE_STANDARD = gnu11;
				GCC_NO_COMMON_BLOCKS = YES;
				GCC_WARN_64_TO_32_BIT_CONVERSION = YES;
				GCC_WARN_ABOUT_RETURN_TYPE = YES_ERROR;
				GCC_WARN_UNDECLARED_SELECTOR = YES;
				GCC_WARN_UNINITIALIZED_AUTOS = YES_AGGRESSIVE;
				GCC_WARN_UNUSED_FUNCTION = YES;
				GCC_WARN_UNUSED_VARIABLE = YES;
				IPHONEOS_DEPLOYMENT_TARGET = 11.1;
				MTL_ENABLE_DEBUG_INFO = NO;
				SDKROOT = iphoneos;
				SWIFT_OPTIMIZATION_LEVEL = "-Owholemodule";
				VALIDATE_PRODUCT = YES;
			};
			name = Release;
		};
		4CCE70CE1FDE652500BDF00D /* Debug */ = {
			isa = XCBuildConfiguration;
			buildSettings = {
				ASSETCATALOG_COMPILER_APPICON_NAME = AppIcon;
				CODE_SIGN_STYLE = Automatic;
				INFOPLIST_FILE = ReorderingCollectionVIew/Info.plist;
				LD_RUNPATH_SEARCH_PATHS = "$(inherited) @executable_path/Frameworks";
				PRODUCT_BUNDLE_IDENTIFIER = com.Aman.ReorderingCollectionVIew;
				PRODUCT_NAME = "$(TARGET_NAME)";
				SWIFT_VERSION = 4.0;
				TARGETED_DEVICE_FAMILY = "1,2";
			};
			name = Debug;
		};
		4CCE70CF1FDE652500BDF00D /* Release */ = {
			isa = XCBuildConfiguration;
			buildSettings = {
				ASSETCATALOG_COMPILER_APPICON_NAME = AppIcon;
				CODE_SIGN_STYLE = Automatic;
				INFOPLIST_FILE = ReorderingCollectionVIew/Info.plist;
				LD_RUNPATH_SEARCH_PATHS = "$(inherited) @executable_path/Frameworks";
				PRODUCT_BUNDLE_IDENTIFIER = com.Aman.ReorderingCollectionVIew;
				PRODUCT_NAME = "$(TARGET_NAME)";
				SWIFT_VERSION = 4.0;
				TARGETED_DEVICE_FAMILY = "1,2";
			};
			name = Release;
		};
		4CCE70D11FDE652500BDF00D /* Debug */ = {
			isa = XCBuildConfiguration;
			buildSettings = {
				ALWAYS_EMBED_SWIFT_STANDARD_LIBRARIES = YES;
				BUNDLE_LOADER = "$(TEST_HOST)";
				CODE_SIGN_STYLE = Automatic;
				INFOPLIST_FILE = ReorderingCollectionVIewTests/Info.plist;
				LD_RUNPATH_SEARCH_PATHS = "$(inherited) @executable_path/Frameworks @loader_path/Frameworks";
				PRODUCT_BUNDLE_IDENTIFIER = com.Aman.ReorderingCollectionVIewTests;
				PRODUCT_NAME = "$(TARGET_NAME)";
				SWIFT_VERSION = 4.0;
				TARGETED_DEVICE_FAMILY = "1,2";
				TEST_HOST = "$(BUILT_PRODUCTS_DIR)/ReorderingCollectionVIew.app/ReorderingCollectionVIew";
			};
			name = Debug;
		};
		4CCE70D21FDE652500BDF00D /* Release */ = {
			isa = XCBuildConfiguration;
			buildSettings = {
				ALWAYS_EMBED_SWIFT_STANDARD_LIBRARIES = YES;
				BUNDLE_LOADER = "$(TEST_HOST)";
				CODE_SIGN_STYLE = Automatic;
				INFOPLIST_FILE = ReorderingCollectionVIewTests/Info.plist;
				LD_RUNPATH_SEARCH_PATHS = "$(inherited) @executable_path/Frameworks @loader_path/Frameworks";
				PRODUCT_BUNDLE_IDENTIFIER = com.Aman.ReorderingCollectionVIewTests;
				PRODUCT_NAME = "$(TARGET_NAME)";
				SWIFT_VERSION = 4.0;
				TARGETED_DEVICE_FAMILY = "1,2";
				TEST_HOST = "$(BUILT_PRODUCTS_DIR)/ReorderingCollectionVIew.app/ReorderingCollectionVIew";
			};
			name = Release;
		};
		4CCE70D41FDE652500BDF00D /* Debug */ = {
			isa = XCBuildConfiguration;
			buildSettings = {
				ALWAYS_EMBED_SWIFT_STANDARD_LIBRARIES = YES;
				CODE_SIGN_STYLE = Automatic;
				INFOPLIST_FILE = ReorderingCollectionVIewUITests/Info.plist;
				LD_RUNPATH_SEARCH_PATHS = "$(inherited) @executable_path/Frameworks @loader_path/Frameworks";
				PRODUCT_BUNDLE_IDENTIFIER = com.Aman.ReorderingCollectionVIewUITests;
				PRODUCT_NAME = "$(TARGET_NAME)";
				SWIFT_VERSION = 4.0;
				TARGETED_DEVICE_FAMILY = "1,2";
				TEST_TARGET_NAME = ReorderingCollectionVIew;
			};
			name = Debug;
		};
		4CCE70D51FDE652500BDF00D /* Release */ = {
			isa = XCBuildConfiguration;
			buildSettings = {
				ALWAYS_EMBED_SWIFT_STANDARD_LIBRARIES = YES;
				CODE_SIGN_STYLE = Automatic;
				INFOPLIST_FILE = ReorderingCollectionVIewUITests/Info.plist;
				LD_RUNPATH_SEARCH_PATHS = "$(inherited) @executable_path/Frameworks @loader_path/Frameworks";
				PRODUCT_BUNDLE_IDENTIFIER = com.Aman.ReorderingCollectionVIewUITests;
				PRODUCT_NAME = "$(TARGET_NAME)";
				SWIFT_VERSION = 4.0;
				TARGETED_DEVICE_FAMILY = "1,2";
				TEST_TARGET_NAME = ReorderingCollectionVIew;
			};
			name = Release;
		};
/* End XCBuildConfiguration section */

/* Begin XCConfigurationList section */
		4CCE709D1FDE652400BDF00D /* Build configuration list for PBXProject "ReorderingCollectionVIew" */ = {
			isa = XCConfigurationList;
			buildConfigurations = (
				4CCE70CB1FDE652500BDF00D /* Debug */,
				4CCE70CC1FDE652500BDF00D /* Release */,
			);
			defaultConfigurationIsVisible = 0;
			defaultConfigurationName = Release;
		};
		4CCE70CD1FDE652500BDF00D /* Build configuration list for PBXNativeTarget "ReorderingCollectionVIew" */ = {
			isa = XCConfigurationList;
			buildConfigurations = (
				4CCE70CE1FDE652500BDF00D /* Debug */,
				4CCE70CF1FDE652500BDF00D /* Release */,
			);
			defaultConfigurationIsVisible = 0;
			defaultConfigurationName = Release;
		};
		4CCE70D01FDE652500BDF00D /* Build configuration list for PBXNativeTarget "ReorderingCollectionVIewTests" */ = {
			isa = XCConfigurationList;
			buildConfigurations = (
				4CCE70D11FDE652500BDF00D /* Debug */,
				4CCE70D21FDE652500BDF00D /* Release */,
			);
			defaultConfigurationIsVisible = 0;
			defaultConfigurationName = Release;
		};
		4CCE70D31FDE652500BDF00D /* Build configuration list for PBXNativeTarget "ReorderingCollectionVIewUITests" */ = {
			isa = XCConfigurationList;
			buildConfigurations = (
				4CCE70D41FDE652500BDF00D /* Debug */,
				4CCE70D51FDE652500BDF00D /* Release */,
			);
			defaultConfigurationIsVisible = 0;
			defaultConfigurationName = Release;
		};
/* End XCConfigurationList section */

/* Begin XCVersionGroup section */
		4CCE70AC1FDE652500BDF00D /* ReorderingCollectionVIew.xcdatamodeld */ = {
			isa = XCVersionGroup;
			children = (
				4CCE70AD1FDE652500BDF00D /* ReorderingCollectionVIew.xcdatamodel */,
			);
			currentVersion = 4CCE70AD1FDE652500BDF00D /* ReorderingCollectionVIew.xcdatamodel */;
			path = ReorderingCollectionVIew.xcdatamodeld;
			sourceTree = "<group>";
			versionGroupType = wrapper.xcdatamodel;
		};
/* End XCVersionGroup section */
	};
	rootObject = 4CCE709A1FDE652400BDF00D /* Project object */;
}
